<?xml version="1.0" encoding="utf-8"?>
<Project ToolsVersion="4.0" xmlns="http://schemas.microsoft.com/developer/msbuild/2003">
  <ItemGroup>
    <Filter Include="ast">
      <UniqueIdentifier>{417c4e7d-84a7-420f-9915-5623b0425207}</UniqueIdentifier>
    </Filter>
    <Filter Include="scan">
      <UniqueIdentifier>{0fee1f5b-090d-4ee4-a620-6589399bf573}</UniqueIdentifier>
    </Filter>
    <Filter Include="preprocessor">
      <UniqueIdentifier>{c8a1713b-d587-4147-bcd2-b534efc997f8}</UniqueIdentifier>
    </Filter>
  </ItemGroup>
  <ItemGroup>
    <ClInclude Include="scan\lexer.h">
      <Filter>scan</Filter>
    </ClInclude>
    <ClInclude Include="scan\token.h">
      <Filter>scan</Filter>
    </ClInclude>
    <ClInclude Include="ast\ast.h">
      <Filter>ast</Filter>
    </ClInclude>
    <ClInclude Include="ast\expr.h">
      <Filter>ast</Filter>
    </ClInclude>
    <ClInclude Include="ast\stmt.h">
      <Filter>ast</Filter>
    </ClInclude>
    <ClInclude Include="ast\type.h">
      <Filter>ast</Filter>
    </ClInclude>
    <ClInclude Include="utils.h" />
    <ClInclude Include="preprocesssor\const_expr.h">
      <Filter>preprocessor</Filter>
    </ClInclude>
    <ClInclude Include="preprocesssor\macro.h">
      <Filter>preprocessor</Filter>
    </ClInclude>
    <ClInclude Include="preprocesssor\preprocessor.h">
      <Filter>preprocessor</Filter>
    </ClInclude>
  </ItemGroup>
  <ItemGroup>
    <ClCompile Include="scan\lexer.cpp">
      <Filter>scan</Filter>
    </ClCompile>
    <ClCompile Include="scan\token.cpp">
      <Filter>scan</Filter>
    </ClCompile>
    <ClCompile Include="main.cpp" />
    <ClCompile Include="preprocesssor\const_expr.cpp">
      <Filter>preprocessor</Filter>
    </ClCompile>
    <ClCompile Include="preprocesssor\preprocessor.cpp">
      <Filter>preprocessor</Filter>
    </ClCompile>
  </ItemGroup>
</Project>