
Microsoft Visual Studio Solution File, Format Version 12.00
# Visual Studio Version 16
VisualStudioVersion = 16.0.31105.61
MinimumVisualStudioVersion = 10.0.40219.1
Project("{8BC9CEB8-8B4A-11D0-8D11-00A0C91BC942}") = "src", "src\src.vcxproj", "{6175BCCC-720B-4F75-96C9-29E4E14559FF}"
EndProject
Project("{8BC9CEB8-8B4A-11D0-8D11-00A0C91BC942}") = "tests", "tests\tests.vcxproj", "{57F1C809-AACF-4925-BF46-111490E4D20E}"
EndProject
Project("{8BC9CEB8-8B4A-11D0-8D11-00A0C91BC942}") = "LLVMCore", "..\..\llvm\build\lib\IR\LLVMCore.vcxproj", "{84F11254-7A51-3742-A7BC-E203BCC95102}"
EndProject
Project("{8BC9CEB8-8B4A-11D0-8D11-00A0C91BC942}") = "LLVMInstCombine", "..\..\llvm\build\lib\Transforms\InstCombine\LLVMInstCombine.vcxproj", "{A66D554B-59AE-3E77-BAF5-0149D52FB6B9}"
EndProject
Project("{8BC9CEB8-8B4A-11D0-8D11-00A0C91BC942}") = "LLVMPasses", "..\..\llvm\build\lib\Passes\LLVMPasses.vcxproj", "{622B0297-3535-3B87-84A3-8AE6EF9D0B74}"
EndProject
Project("{8BC9CEB8-8B4A-11D0-8D11-00A0C91BC942}") = "LLVMipo", "..\..\llvm\build\lib\Transforms\IPO\LLVMipo.vcxproj", "{853CF0A2-76DF-3AC6-A465-B98964C30F09}"
EndProject
Project("{8BC9CEB8-8B4A-11D0-8D11-00A0C91BC942}") = "LLVMSupport", "..\..\llvm\build\lib\Support\LLVMSupport.vcxproj", "{DBCDF955-0460-35D8-89A8-5572AA6F051A}"
EndProject
Project("{8BC9CEB8-8B4A-11D0-8D11-00A0C91BC942}") = "LLVMTarget", "..\..\llvm\build\lib\Target\LLVMTarget.vcxproj", "{9181CB4B-7ED6-3D23-9439-4FA4F37C1F06}"
EndProject
Project("{8BC9CEB8-8B4A-11D0-8D11-00A0C91BC942}") = "LLVMX86CodeGen", "..\..\llvm\build\lib\Target\X86\LLVMX86CodeGen.vcxproj", "{41439BFC-1E84-30B7-BDD8-9523F82C8CD4}"
EndProject
Project("{8BC9CEB8-8B4A-11D0-8D11-00A0C91BC942}") = "LLVMXCoreCodeGen", "..\..\llvm\build\lib\Target\XCore\LLVMXCoreCodeGen.vcxproj", "{67578E95-1512-3963-BC00-EC152D82E2DA}"
EndProject
Project("{8BC9CEB8-8B4A-11D0-8D11-00A0C91BC942}") = "LLVMHexagonCodeGen", "..\..\llvm\build\lib\Target\Hexagon\LLVMHexagonCodeGen.vcxproj", "{7B5F7497-FD7E-393C-93C0-4A800CD6A51F}"
EndProject
Project("{8BC9CEB8-8B4A-11D0-8D11-00A0C91BC942}") = "LLVMAArch64CodeGen", "..\..\llvm\build\lib\Target\AArch64\LLVMAArch64CodeGen.vcxproj", "{8C90947A-8F26-3DF0-80F1-83D3C47347C1}"
EndProject
Project("{8BC9CEB8-8B4A-11D0-8D11-00A0C91BC942}") = "LLVMAMDGPUCodeGen", "..\..\llvm\build\lib\Target\AMDGPU\LLVMAMDGPUCodeGen.vcxproj", "{A0C188EA-A38F-3034-A0AE-348EE34AE133}"
EndProject
Project("{8BC9CEB8-8B4A-11D0-8D11-00A0C91BC942}") = "LLVMARMCodeGen", "..\..\llvm\build\lib\Target\ARM\LLVMARMCodeGen.vcxproj", "{9C29DC3D-D6E0-312E-B6EE-8AD3E48C612C}"
EndProject
Project("{8BC9CEB8-8B4A-11D0-8D11-00A0C91BC942}") = "LLVMAVRCodeGen", "..\..\llvm\build\lib\Target\AVR\LLVMAVRCodeGen.vcxproj", "{9A492909-2EF8-3E71-9269-87CC746598BF}"
EndProject
Project("{8BC9CEB8-8B4A-11D0-8D11-00A0C91BC942}") = "LLVMBPFCodeGen", "..\..\llvm\build\lib\Target\BPF\LLVMBPFCodeGen.vcxproj", "{44A91478-FCDD-3D55-955B-EF35F9563F1D}"
EndProject
Project("{8BC9CEB8-8B4A-11D0-8D11-00A0C91BC942}") = "LLVMLanaiCodeGen", "..\..\llvm\build\lib\Target\Lanai\LLVMLanaiCodeGen.vcxproj", "{A547A87B-1359-367E-8577-97FC41CFE07B}"
EndProject
Project("{8BC9CEB8-8B4A-11D0-8D11-00A0C91BC942}") = "LLVMMipsCodeGen", "..\..\llvm\build\lib\Target\Mips\LLVMMipsCodeGen.vcxproj", "{D174DE9C-4630-353B-A3A5-BDF2C30B039D}"
EndProject
Project("{8BC9CEB8-8B4A-11D0-8D11-00A0C91BC942}") = "LLVMMSP430CodeGen", "..\..\llvm\build\lib\Target\MSP430\LLVMMSP430CodeGen.vcxproj", "{AE22B4CD-912B-3138-990C-A4CFF3FF4990}"
EndProject
Project("{8BC9CEB8-8B4A-11D0-8D11-00A0C91BC942}") = "LLVMNVPTXCodeGen", "..\..\llvm\build\lib\Target\NVPTX\LLVMNVPTXCodeGen.vcxproj", "{686F2EDF-DA50-30B0-AD86-7D6B0EF4227F}"
EndProject
Project("{8BC9CEB8-8B4A-11D0-8D11-00A0C91BC942}") = "LLVMPowerPCCodeGen", "..\..\llvm\build\lib\Target\PowerPC\LLVMPowerPCCodeGen.vcxproj", "{E86D2E16-B8E7-3F8E-9B7B-CBE2D852B3D4}"
EndProject
Project("{8BC9CEB8-8B4A-11D0-8D11-00A0C91BC942}") = "LLVMRISCVCodeGen", "..\..\llvm\build\lib\Target\RISCV\LLVMRISCVCodeGen.vcxproj", "{B23BFC06-8466-313F-86A6-FD91C6AFD76F}"
EndProject
Project("{8BC9CEB8-8B4A-11D0-8D11-00A0C91BC942}") = "LLVMSparcCodeGen", "..\..\llvm\build\lib\Target\Sparc\LLVMSparcCodeGen.vcxproj", "{976ACB49-DF5B-31A3-8D18-361DB2B0CC96}"
EndProject
Project("{8BC9CEB8-8B4A-11D0-8D11-00A0C91BC942}") = "LLVMSystemZCodeGen", "..\..\llvm\build\lib\Target\SystemZ\LLVMSystemZCodeGen.vcxproj", "{9B87E2BD-37B2-3F9F-94BD-B01B3392F846}"
EndProject
Project("{8BC9CEB8-8B4A-11D0-8D11-00A0C91BC942}") = "LLVMWebAssemblyCodeGen", "..\..\llvm\build\lib\Target\WebAssembly\LLVMWebAssemblyCodeGen.vcxproj", "{63230733-B026-388D-9902-BBAB17B57223}"
EndProject
Project("{8BC9CEB8-8B4A-11D0-8D11-00A0C91BC942}") = "LLVMX86AsmParser", "..\..\llvm\build\lib\Target\X86\AsmParser\LLVMX86AsmParser.vcxproj", "{73A0447A-A2DF-383A-B242-D1D41A56D125}"
EndProject
Project("{8BC9CEB8-8B4A-11D0-8D11-00A0C91BC942}") = "LLVMWebAssemblyAsmParser", "..\..\llvm\build\lib\Target\WebAssembly\AsmParser\LLVMWebAssemblyAsmParser.vcxproj", "{5B2F5736-9FC9-3FDD-B97D-D5757174B263}"
EndProject
Project("{8BC9CEB8-8B4A-11D0-8D11-00A0C91BC942}") = "LLVMAArch64AsmParser", "..\..\llvm\build\lib\Target\AArch64\AsmParser\LLVMAArch64AsmParser.vcxproj", "{DAD73A33-C85A-3666-AEA8-A7815BF4A023}"
EndProject
Project("{8BC9CEB8-8B4A-11D0-8D11-00A0C91BC942}") = "LLVMAMDGPUAsmParser", "..\..\llvm\build\lib\Target\AMDGPU\AsmParser\LLVMAMDGPUAsmParser.vcxproj", "{94619E3E-C477-3D64-A684-6905F0B5E383}"
EndProject
Project("{8BC9CEB8-8B4A-11D0-8D11-00A0C91BC942}") = "LLVMARMAsmParser", "..\..\llvm\build\lib\Target\ARM\AsmParser\LLVMARMAsmParser.vcxproj", "{294E8323-C57C-3EE1-B804-F83F343567BD}"
EndProject
Project("{8BC9CEB8-8B4A-11D0-8D11-00A0C91BC942}") = "LLVMAVRAsmParser", "..\..\llvm\build\lib\Target\AVR\AsmParser\LLVMAVRAsmParser.vcxproj", "{FED3049B-8A84-33D9-8654-AF3FAC925336}"
EndProject
Project("{8BC9CEB8-8B4A-11D0-8D11-00A0C91BC942}") = "LLVMBPFAsmParser", "..\..\llvm\build\lib\Target\BPF\AsmParser\LLVMBPFAsmParser.vcxproj", "{81225135-C2D0-3732-8A08-93EB3EE73E13}"
EndProject
Project("{8BC9CEB8-8B4A-11D0-8D11-00A0C91BC942}") = "LLVMHexagonAsmParser", "..\..\llvm\build\lib\Target\Hexagon\AsmParser\LLVMHexagonAsmParser.vcxproj", "{98550359-8924-3F46-A36A-3E1591D3918B}"
EndProject
Project("{8BC9CEB8-8B4A-11D0-8D11-00A0C91BC942}") = "LLVMLanaiAsmParser", "..\..\llvm\build\lib\Target\Lanai\AsmParser\LLVMLanaiAsmParser.vcxproj", "{35BA44D1-0529-3798-9243-C027C9C2EFE3}"
EndProject
Project("{8BC9CEB8-8B4A-11D0-8D11-00A0C91BC942}") = "LLVMMipsAsmParser", "..\..\llvm\build\lib\Target\Mips\AsmParser\LLVMMipsAsmParser.vcxproj", "{921AE4C5-6700-3248-A0B9-485FBA9A6D86}"
EndProject
Project("{8BC9CEB8-8B4A-11D0-8D11-00A0C91BC942}") = "LLVMMSP430AsmParser", "..\..\llvm\build\lib\Target\MSP430\AsmParser\LLVMMSP430AsmParser.vcxproj", "{17280695-5A9D-304F-99AC-9AD70B2CA6B6}"
EndProject
Project("{8BC9CEB8-8B4A-11D0-8D11-00A0C91BC942}") = "LLVMPowerPCAsmParser", "..\..\llvm\build\lib\Target\PowerPC\AsmParser\LLVMPowerPCAsmParser.vcxproj", "{E27E6AF6-BF90-38CB-AA37-B4B1D684B9F1}"
EndProject
Project("{8BC9CEB8-8B4A-11D0-8D11-00A0C91BC942}") = "LLVMRISCVAsmParser", "..\..\llvm\build\lib\Target\RISCV\AsmParser\LLVMRISCVAsmParser.vcxproj", "{0E1C2B1E-D860-375D-AA96-51254194D160}"
EndProject
Project("{8BC9CEB8-8B4A-11D0-8D11-00A0C91BC942}") = "LLVMSparcAsmParser", "..\..\llvm\build\lib\Target\Sparc\AsmParser\LLVMSparcAsmParser.vcxproj", "{11BF7C79-1875-3314-8C3A-8ADEB662DCDE}"
EndProject
Project("{8BC9CEB8-8B4A-11D0-8D11-00A0C91BC942}") = "LLVMSystemZAsmParser", "..\..\llvm\build\lib\Target\SystemZ\AsmParser\LLVMSystemZAsmParser.vcxproj", "{55996655-F2D7-3F9A-A3FA-39E6E737389A}"
EndProject
Global
	GlobalSection(SolutionConfigurationPlatforms) = preSolution
		Debug|x64 = Debug|x64
		Debug|x86 = Debug|x86
		MinSizeRel|x64 = MinSizeRel|x64
		MinSizeRel|x86 = MinSizeRel|x86
		Release|x64 = Release|x64
		Release|x86 = Release|x86
		RelWithDebInfo|x64 = RelWithDebInfo|x64
		RelWithDebInfo|x86 = RelWithDebInfo|x86
	EndGlobalSection
	GlobalSection(ProjectConfigurationPlatforms) = postSolution
		{6175BCCC-720B-4F75-96C9-29E4E14559FF}.Debug|x64.ActiveCfg = Debug|x64
		{6175BCCC-720B-4F75-96C9-29E4E14559FF}.Debug|x64.Build.0 = Debug|x64
		{6175BCCC-720B-4F75-96C9-29E4E14559FF}.Debug|x86.ActiveCfg = Debug|Win32
		{6175BCCC-720B-4F75-96C9-29E4E14559FF}.Debug|x86.Build.0 = Debug|Win32
		{6175BCCC-720B-4F75-96C9-29E4E14559FF}.MinSizeRel|x64.ActiveCfg = Release|x64
		{6175BCCC-720B-4F75-96C9-29E4E14559FF}.MinSizeRel|x64.Build.0 = Release|x64
		{6175BCCC-720B-4F75-96C9-29E4E14559FF}.MinSizeRel|x86.ActiveCfg = Release|Win32
		{6175BCCC-720B-4F75-96C9-29E4E14559FF}.MinSizeRel|x86.Build.0 = Release|Win32
		{6175BCCC-720B-4F75-96C9-29E4E14559FF}.Release|x64.ActiveCfg = Release|x64
		{6175BCCC-720B-4F75-96C9-29E4E14559FF}.Release|x64.Build.0 = Release|x64
		{6175BCCC-720B-4F75-96C9-29E4E14559FF}.Release|x86.ActiveCfg = Release|Win32
		{6175BCCC-720B-4F75-96C9-29E4E14559FF}.Release|x86.Build.0 = Release|Win32
		{6175BCCC-720B-4F75-96C9-29E4E14559FF}.RelWithDebInfo|x64.ActiveCfg = Release|x64
		{6175BCCC-720B-4F75-96C9-29E4E14559FF}.RelWithDebInfo|x64.Build.0 = Release|x64
		{6175BCCC-720B-4F75-96C9-29E4E14559FF}.RelWithDebInfo|x86.ActiveCfg = Release|Win32
		{6175BCCC-720B-4F75-96C9-29E4E14559FF}.RelWithDebInfo|x86.Build.0 = Release|Win32
		{57F1C809-AACF-4925-BF46-111490E4D20E}.Debug|x64.ActiveCfg = Debug|x64
		{57F1C809-AACF-4925-BF46-111490E4D20E}.Debug|x64.Build.0 = Debug|x64
		{57F1C809-AACF-4925-BF46-111490E4D20E}.Debug|x86.ActiveCfg = Debug|Win32
		{57F1C809-AACF-4925-BF46-111490E4D20E}.Debug|x86.Build.0 = Debug|Win32
		{57F1C809-AACF-4925-BF46-111490E4D20E}.MinSizeRel|x64.ActiveCfg = Release|x64
		{57F1C809-AACF-4925-BF46-111490E4D20E}.MinSizeRel|x64.Build.0 = Release|x64
		{57F1C809-AACF-4925-BF46-111490E4D20E}.MinSizeRel|x86.ActiveCfg = Release|Win32
		{57F1C809-AACF-4925-BF46-111490E4D20E}.MinSizeRel|x86.Build.0 = Release|Win32
		{57F1C809-AACF-4925-BF46-111490E4D20E}.Release|x64.ActiveCfg = Release|x64
		{57F1C809-AACF-4925-BF46-111490E4D20E}.Release|x64.Build.0 = Release|x64
		{57F1C809-AACF-4925-BF46-111490E4D20E}.Release|x86.ActiveCfg = Release|Win32
		{57F1C809-AACF-4925-BF46-111490E4D20E}.Release|x86.Build.0 = Release|Win32
		{57F1C809-AACF-4925-BF46-111490E4D20E}.RelWithDebInfo|x64.ActiveCfg = Release|x64
		{57F1C809-AACF-4925-BF46-111490E4D20E}.RelWithDebInfo|x64.Build.0 = Release|x64
		{57F1C809-AACF-4925-BF46-111490E4D20E}.RelWithDebInfo|x86.ActiveCfg = Release|Win32
		{57F1C809-AACF-4925-BF46-111490E4D20E}.RelWithDebInfo|x86.Build.0 = Release|Win32
		{84F11254-7A51-3742-A7BC-E203BCC95102}.Debug|x64.ActiveCfg = Debug|x64
		{84F11254-7A51-3742-A7BC-E203BCC95102}.Debug|x86.ActiveCfg = Debug|x64
		{84F11254-7A51-3742-A7BC-E203BCC95102}.MinSizeRel|x64.ActiveCfg = MinSizeRel|x64
		{84F11254-7A51-3742-A7BC-E203BCC95102}.MinSizeRel|x64.Build.0 = MinSizeRel|x64
		{84F11254-7A51-3742-A7BC-E203BCC95102}.MinSizeRel|x86.ActiveCfg = MinSizeRel|x64
		{84F11254-7A51-3742-A7BC-E203BCC95102}.Release|x64.ActiveCfg = Release|x64
		{84F11254-7A51-3742-A7BC-E203BCC95102}.Release|x64.Build.0 = Release|x64
		{84F11254-7A51-3742-A7BC-E203BCC95102}.Release|x86.ActiveCfg = Release|x64
		{84F11254-7A51-3742-A7BC-E203BCC95102}.RelWithDebInfo|x64.ActiveCfg = RelWithDebInfo|x64
		{84F11254-7A51-3742-A7BC-E203BCC95102}.RelWithDebInfo|x64.Build.0 = RelWithDebInfo|x64
		{84F11254-7A51-3742-A7BC-E203BCC95102}.RelWithDebInfo|x86.ActiveCfg = RelWithDebInfo|x64
		{A66D554B-59AE-3E77-BAF5-0149D52FB6B9}.Debug|x64.ActiveCfg = Debug|x64
		{A66D554B-59AE-3E77-BAF5-0149D52FB6B9}.Debug|x86.ActiveCfg = Debug|x64
		{A66D554B-59AE-3E77-BAF5-0149D52FB6B9}.MinSizeRel|x64.ActiveCfg = MinSizeRel|x64
		{A66D554B-59AE-3E77-BAF5-0149D52FB6B9}.MinSizeRel|x64.Build.0 = MinSizeRel|x64
		{A66D554B-59AE-3E77-BAF5-0149D52FB6B9}.MinSizeRel|x86.ActiveCfg = MinSizeRel|x64
		{A66D554B-59AE-3E77-BAF5-0149D52FB6B9}.Release|x64.ActiveCfg = Release|x64
		{A66D554B-59AE-3E77-BAF5-0149D52FB6B9}.Release|x64.Build.0 = Release|x64
		{A66D554B-59AE-3E77-BAF5-0149D52FB6B9}.Release|x86.ActiveCfg = Release|x64
		{A66D554B-59AE-3E77-BAF5-0149D52FB6B9}.RelWithDebInfo|x64.ActiveCfg = RelWithDebInfo|x64
		{A66D554B-59AE-3E77-BAF5-0149D52FB6B9}.RelWithDebInfo|x64.Build.0 = RelWithDebInfo|x64
		{A66D554B-59AE-3E77-BAF5-0149D52FB6B9}.RelWithDebInfo|x86.ActiveCfg = RelWithDebInfo|x64
		{622B0297-3535-3B87-84A3-8AE6EF9D0B74}.Debug|x64.ActiveCfg = Debug|x64
		{622B0297-3535-3B87-84A3-8AE6EF9D0B74}.Debug|x86.ActiveCfg = Debug|x64
		{622B0297-3535-3B87-84A3-8AE6EF9D0B74}.MinSizeRel|x64.ActiveCfg = MinSizeRel|x64
		{622B0297-3535-3B87-84A3-8AE6EF9D0B74}.MinSizeRel|x64.Build.0 = MinSizeRel|x64
		{622B0297-3535-3B87-84A3-8AE6EF9D0B74}.MinSizeRel|x86.ActiveCfg = MinSizeRel|x64
		{622B0297-3535-3B87-84A3-8AE6EF9D0B74}.Release|x64.ActiveCfg = Release|x64
		{622B0297-3535-3B87-84A3-8AE6EF9D0B74}.Release|x64.Build.0 = Release|x64
		{622B0297-3535-3B87-84A3-8AE6EF9D0B74}.Release|x86.ActiveCfg = Release|x64
		{622B0297-3535-3B87-84A3-8AE6EF9D0B74}.RelWithDebInfo|x64.ActiveCfg = RelWithDebInfo|x64
		{622B0297-3535-3B87-84A3-8AE6EF9D0B74}.RelWithDebInfo|x64.Build.0 = RelWithDebInfo|x64
		{622B0297-3535-3B87-84A3-8AE6EF9D0B74}.RelWithDebInfo|x86.ActiveCfg = RelWithDebInfo|x64
		{853CF0A2-76DF-3AC6-A465-B98964C30F09}.Debug|x64.ActiveCfg = Debug|x64
		{853CF0A2-76DF-3AC6-A465-B98964C30F09}.Debug|x86.ActiveCfg = Debug|x64
		{853CF0A2-76DF-3AC6-A465-B98964C30F09}.MinSizeRel|x64.ActiveCfg = MinSizeRel|x64
		{853CF0A2-76DF-3AC6-A465-B98964C30F09}.MinSizeRel|x64.Build.0 = MinSizeRel|x64
		{853CF0A2-76DF-3AC6-A465-B98964C30F09}.MinSizeRel|x86.ActiveCfg = MinSizeRel|x64
		{853CF0A2-76DF-3AC6-A465-B98964C30F09}.Release|x64.ActiveCfg = Release|x64
		{853CF0A2-76DF-3AC6-A465-B98964C30F09}.Release|x64.Build.0 = Release|x64
		{853CF0A2-76DF-3AC6-A465-B98964C30F09}.Release|x86.ActiveCfg = Release|x64
		{853CF0A2-76DF-3AC6-A465-B98964C30F09}.RelWithDebInfo|x64.ActiveCfg = RelWithDebInfo|x64
		{853CF0A2-76DF-3AC6-A465-B98964C30F09}.RelWithDebInfo|x64.Build.0 = RelWithDebInfo|x64
		{853CF0A2-76DF-3AC6-A465-B98964C30F09}.RelWithDebInfo|x86.ActiveCfg = RelWithDebInfo|x64
		{DBCDF955-0460-35D8-89A8-5572AA6F051A}.Debug|x64.ActiveCfg = Debug|x64
		{DBCDF955-0460-35D8-89A8-5572AA6F051A}.Debug|x86.ActiveCfg = Debug|x64
		{DBCDF955-0460-35D8-89A8-5572AA6F051A}.MinSizeRel|x64.ActiveCfg = MinSizeRel|x64
		{DBCDF955-0460-35D8-89A8-5572AA6F051A}.MinSizeRel|x64.Build.0 = MinSizeRel|x64
		{DBCDF955-0460-35D8-89A8-5572AA6F051A}.MinSizeRel|x86.ActiveCfg = MinSizeRel|x64
		{DBCDF955-0460-35D8-89A8-5572AA6F051A}.Release|x64.ActiveCfg = Release|x64
		{DBCDF955-0460-35D8-89A8-5572AA6F051A}.Release|x64.Build.0 = Release|x64
		{DBCDF955-0460-35D8-89A8-5572AA6F051A}.Release|x86.ActiveCfg = Release|x64
		{DBCDF955-0460-35D8-89A8-5572AA6F051A}.RelWithDebInfo|x64.ActiveCfg = RelWithDebInfo|x64
		{DBCDF955-0460-35D8-89A8-5572AA6F051A}.RelWithDebInfo|x64.Build.0 = RelWithDebInfo|x64
		{DBCDF955-0460-35D8-89A8-5572AA6F051A}.RelWithDebInfo|x86.ActiveCfg = RelWithDebInfo|x64
		{9181CB4B-7ED6-3D23-9439-4FA4F37C1F06}.Debug|x64.ActiveCfg = Debug|x64
		{9181CB4B-7ED6-3D23-9439-4FA4F37C1F06}.Debug|x86.ActiveCfg = Debug|x64
		{9181CB4B-7ED6-3D23-9439-4FA4F37C1F06}.MinSizeRel|x64.ActiveCfg = MinSizeRel|x64
		{9181CB4B-7ED6-3D23-9439-4FA4F37C1F06}.MinSizeRel|x64.Build.0 = MinSizeRel|x64
		{9181CB4B-7ED6-3D23-9439-4FA4F37C1F06}.MinSizeRel|x86.ActiveCfg = MinSizeRel|x64
		{9181CB4B-7ED6-3D23-9439-4FA4F37C1F06}.Release|x64.ActiveCfg = Release|x64
		{9181CB4B-7ED6-3D23-9439-4FA4F37C1F06}.Release|x64.Build.0 = Release|x64
		{9181CB4B-7ED6-3D23-9439-4FA4F37C1F06}.Release|x86.ActiveCfg = Release|x64
		{9181CB4B-7ED6-3D23-9439-4FA4F37C1F06}.RelWithDebInfo|x64.ActiveCfg = RelWithDebInfo|x64
		{9181CB4B-7ED6-3D23-9439-4FA4F37C1F06}.RelWithDebInfo|x64.Build.0 = RelWithDebInfo|x64
		{9181CB4B-7ED6-3D23-9439-4FA4F37C1F06}.RelWithDebInfo|x86.ActiveCfg = RelWithDebInfo|x64
		{41439BFC-1E84-30B7-BDD8-9523F82C8CD4}.Debug|x64.ActiveCfg = Debug|x64
		{41439BFC-1E84-30B7-BDD8-9523F82C8CD4}.Debug|x86.ActiveCfg = Debug|x64
		{41439BFC-1E84-30B7-BDD8-9523F82C8CD4}.MinSizeRel|x64.ActiveCfg = MinSizeRel|x64
		{41439BFC-1E84-30B7-BDD8-9523F82C8CD4}.MinSizeRel|x64.Build.0 = MinSizeRel|x64
		{41439BFC-1E84-30B7-BDD8-9523F82C8CD4}.MinSizeRel|x86.ActiveCfg = MinSizeRel|x64
		{41439BFC-1E84-30B7-BDD8-9523F82C8CD4}.Release|x64.ActiveCfg = Release|x64
		{41439BFC-1E84-30B7-BDD8-9523F82C8CD4}.Release|x64.Build.0 = Release|x64
		{41439BFC-1E84-30B7-BDD8-9523F82C8CD4}.Release|x86.ActiveCfg = Release|x64
		{41439BFC-1E84-30B7-BDD8-9523F82C8CD4}.RelWithDebInfo|x64.ActiveCfg = RelWithDebInfo|x64
		{41439BFC-1E84-30B7-BDD8-9523F82C8CD4}.RelWithDebInfo|x64.Build.0 = RelWithDebInfo|x64
		{41439BFC-1E84-30B7-BDD8-9523F82C8CD4}.RelWithDebInfo|x86.ActiveCfg = RelWithDebInfo|x64
		{67578E95-1512-3963-BC00-EC152D82E2DA}.Debug|x64.ActiveCfg = Debug|x64
		{67578E95-1512-3963-BC00-EC152D82E2DA}.Debug|x86.ActiveCfg = Debug|x64
		{67578E95-1512-3963-BC00-EC152D82E2DA}.MinSizeRel|x64.ActiveCfg = MinSizeRel|x64
		{67578E95-1512-3963-BC00-EC152D82E2DA}.MinSizeRel|x64.Build.0 = MinSizeRel|x64
		{67578E95-1512-3963-BC00-EC152D82E2DA}.MinSizeRel|x86.ActiveCfg = MinSizeRel|x64
		{67578E95-1512-3963-BC00-EC152D82E2DA}.Release|x64.ActiveCfg = Release|x64
		{67578E95-1512-3963-BC00-EC152D82E2DA}.Release|x64.Build.0 = Release|x64
		{67578E95-1512-3963-BC00-EC152D82E2DA}.Release|x86.ActiveCfg = Release|x64
		{67578E95-1512-3963-BC00-EC152D82E2DA}.RelWithDebInfo|x64.ActiveCfg = RelWithDebInfo|x64
		{67578E95-1512-3963-BC00-EC152D82E2DA}.RelWithDebInfo|x64.Build.0 = RelWithDebInfo|x64
		{67578E95-1512-3963-BC00-EC152D82E2DA}.RelWithDebInfo|x86.ActiveCfg = RelWithDebInfo|x64
		{7B5F7497-FD7E-393C-93C0-4A800CD6A51F}.Debug|x64.ActiveCfg = Debug|x64
		{7B5F7497-FD7E-393C-93C0-4A800CD6A51F}.Debug|x86.ActiveCfg = Debug|x64
		{7B5F7497-FD7E-393C-93C0-4A800CD6A51F}.MinSizeRel|x64.ActiveCfg = MinSizeRel|x64
		{7B5F7497-FD7E-393C-93C0-4A800CD6A51F}.MinSizeRel|x64.Build.0 = MinSizeRel|x64
		{7B5F7497-FD7E-393C-93C0-4A800CD6A51F}.MinSizeRel|x86.ActiveCfg = MinSizeRel|x64
		{7B5F7497-FD7E-393C-93C0-4A800CD6A51F}.Release|x64.ActiveCfg = Release|x64
		{7B5F7497-FD7E-393C-93C0-4A800CD6A51F}.Release|x64.Build.0 = Release|x64
		{7B5F7497-FD7E-393C-93C0-4A800CD6A51F}.Release|x86.ActiveCfg = Release|x64
		{7B5F7497-FD7E-393C-93C0-4A800CD6A51F}.RelWithDebInfo|x64.ActiveCfg = RelWithDebInfo|x64
		{7B5F7497-FD7E-393C-93C0-4A800CD6A51F}.RelWithDebInfo|x64.Build.0 = RelWithDebInfo|x64
		{7B5F7497-FD7E-393C-93C0-4A800CD6A51F}.RelWithDebInfo|x86.ActiveCfg = RelWithDebInfo|x64
		{8C90947A-8F26-3DF0-80F1-83D3C47347C1}.Debug|x64.ActiveCfg = Debug|x64
		{8C90947A-8F26-3DF0-80F1-83D3C47347C1}.Debug|x86.ActiveCfg = Debug|x64
		{8C90947A-8F26-3DF0-80F1-83D3C47347C1}.MinSizeRel|x64.ActiveCfg = MinSizeRel|x64
		{8C90947A-8F26-3DF0-80F1-83D3C47347C1}.MinSizeRel|x64.Build.0 = MinSizeRel|x64
		{8C90947A-8F26-3DF0-80F1-83D3C47347C1}.MinSizeRel|x86.ActiveCfg = MinSizeRel|x64
		{8C90947A-8F26-3DF0-80F1-83D3C47347C1}.Release|x64.ActiveCfg = Release|x64
		{8C90947A-8F26-3DF0-80F1-83D3C47347C1}.Release|x64.Build.0 = Release|x64
		{8C90947A-8F26-3DF0-80F1-83D3C47347C1}.Release|x86.ActiveCfg = Release|x64
		{8C90947A-8F26-3DF0-80F1-83D3C47347C1}.RelWithDebInfo|x64.ActiveCfg = RelWithDebInfo|x64
		{8C90947A-8F26-3DF0-80F1-83D3C47347C1}.RelWithDebInfo|x64.Build.0 = RelWithDebInfo|x64
		{8C90947A-8F26-3DF0-80F1-83D3C47347C1}.RelWithDebInfo|x86.ActiveCfg = RelWithDebInfo|x64
		{A0C188EA-A38F-3034-A0AE-348EE34AE133}.Debug|x64.ActiveCfg = Debug|x64
		{A0C188EA-A38F-3034-A0AE-348EE34AE133}.Debug|x86.ActiveCfg = Debug|x64
		{A0C188EA-A38F-3034-A0AE-348EE34AE133}.MinSizeRel|x64.ActiveCfg = MinSizeRel|x64
		{A0C188EA-A38F-3034-A0AE-348EE34AE133}.MinSizeRel|x64.Build.0 = MinSizeRel|x64
		{A0C188EA-A38F-3034-A0AE-348EE34AE133}.MinSizeRel|x86.ActiveCfg = MinSizeRel|x64
		{A0C188EA-A38F-3034-A0AE-348EE34AE133}.Release|x64.ActiveCfg = Release|x64
		{A0C188EA-A38F-3034-A0AE-348EE34AE133}.Release|x64.Build.0 = Release|x64
		{A0C188EA-A38F-3034-A0AE-348EE34AE133}.Release|x86.ActiveCfg = Release|x64
		{A0C188EA-A38F-3034-A0AE-348EE34AE133}.RelWithDebInfo|x64.ActiveCfg = RelWithDebInfo|x64
		{A0C188EA-A38F-3034-A0AE-348EE34AE133}.RelWithDebInfo|x64.Build.0 = RelWithDebInfo|x64
		{A0C188EA-A38F-3034-A0AE-348EE34AE133}.RelWithDebInfo|x86.ActiveCfg = RelWithDebInfo|x64
		{9C29DC3D-D6E0-312E-B6EE-8AD3E48C612C}.Debug|x64.ActiveCfg = Debug|x64
		{9C29DC3D-D6E0-312E-B6EE-8AD3E48C612C}.Debug|x86.ActiveCfg = Debug|x64
		{9C29DC3D-D6E0-312E-B6EE-8AD3E48C612C}.MinSizeRel|x64.ActiveCfg = MinSizeRel|x64
		{9C29DC3D-D6E0-312E-B6EE-8AD3E48C612C}.MinSizeRel|x64.Build.0 = MinSizeRel|x64
		{9C29DC3D-D6E0-312E-B6EE-8AD3E48C612C}.MinSizeRel|x86.ActiveCfg = MinSizeRel|x64
		{9C29DC3D-D6E0-312E-B6EE-8AD3E48C612C}.Release|x64.ActiveCfg = Release|x64
		{9C29DC3D-D6E0-312E-B6EE-8AD3E48C612C}.Release|x64.Build.0 = Release|x64
		{9C29DC3D-D6E0-312E-B6EE-8AD3E48C612C}.Release|x86.ActiveCfg = Release|x64
		{9C29DC3D-D6E0-312E-B6EE-8AD3E48C612C}.RelWithDebInfo|x64.ActiveCfg = RelWithDebInfo|x64
		{9C29DC3D-D6E0-312E-B6EE-8AD3E48C612C}.RelWithDebInfo|x64.Build.0 = RelWithDebInfo|x64
		{9C29DC3D-D6E0-312E-B6EE-8AD3E48C612C}.RelWithDebInfo|x86.ActiveCfg = RelWithDebInfo|x64
		{9A492909-2EF8-3E71-9269-87CC746598BF}.Debug|x64.ActiveCfg = Debug|x64
		{9A492909-2EF8-3E71-9269-87CC746598BF}.Debug|x86.ActiveCfg = Debug|x64
		{9A492909-2EF8-3E71-9269-87CC746598BF}.MinSizeRel|x64.ActiveCfg = MinSizeRel|x64
		{9A492909-2EF8-3E71-9269-87CC746598BF}.MinSizeRel|x64.Build.0 = MinSizeRel|x64
		{9A492909-2EF8-3E71-9269-87CC746598BF}.MinSizeRel|x86.ActiveCfg = MinSizeRel|x64
		{9A492909-2EF8-3E71-9269-87CC746598BF}.Release|x64.ActiveCfg = Release|x64
		{9A492909-2EF8-3E71-9269-87CC746598BF}.Release|x64.Build.0 = Release|x64
		{9A492909-2EF8-3E71-9269-87CC746598BF}.Release|x86.ActiveCfg = Release|x64
		{9A492909-2EF8-3E71-9269-87CC746598BF}.RelWithDebInfo|x64.ActiveCfg = RelWithDebInfo|x64
		{9A492909-2EF8-3E71-9269-87CC746598BF}.RelWithDebInfo|x64.Build.0 = RelWithDebInfo|x64
		{9A492909-2EF8-3E71-9269-87CC746598BF}.RelWithDebInfo|x86.ActiveCfg = RelWithDebInfo|x64
		{44A91478-FCDD-3D55-955B-EF35F9563F1D}.Debug|x64.ActiveCfg = Debug|x64
		{44A91478-FCDD-3D55-955B-EF35F9563F1D}.Debug|x86.ActiveCfg = Debug|x64
		{44A91478-FCDD-3D55-955B-EF35F9563F1D}.MinSizeRel|x64.ActiveCfg = MinSizeRel|x64
		{44A91478-FCDD-3D55-955B-EF35F9563F1D}.MinSizeRel|x64.Build.0 = MinSizeRel|x64
		{44A91478-FCDD-3D55-955B-EF35F9563F1D}.MinSizeRel|x86.ActiveCfg = MinSizeRel|x64
		{44A91478-FCDD-3D55-955B-EF35F9563F1D}.Release|x64.ActiveCfg = Release|x64
		{44A91478-FCDD-3D55-955B-EF35F9563F1D}.Release|x64.Build.0 = Release|x64
		{44A91478-FCDD-3D55-955B-EF35F9563F1D}.Release|x86.ActiveCfg = Release|x64
		{44A91478-FCDD-3D55-955B-EF35F9563F1D}.RelWithDebInfo|x64.ActiveCfg = RelWithDebInfo|x64
		{44A91478-FCDD-3D55-955B-EF35F9563F1D}.RelWithDebInfo|x64.Build.0 = RelWithDebInfo|x64
		{44A91478-FCDD-3D55-955B-EF35F9563F1D}.RelWithDebInfo|x86.ActiveCfg = RelWithDebInfo|x64
		{A547A87B-1359-367E-8577-97FC41CFE07B}.Debug|x64.ActiveCfg = Debug|x64
		{A547A87B-1359-367E-8577-97FC41CFE07B}.Debug|x86.ActiveCfg = Debug|x64
		{A547A87B-1359-367E-8577-97FC41CFE07B}.MinSizeRel|x64.ActiveCfg = MinSizeRel|x64
		{A547A87B-1359-367E-8577-97FC41CFE07B}.MinSizeRel|x64.Build.0 = MinSizeRel|x64
		{A547A87B-1359-367E-8577-97FC41CFE07B}.MinSizeRel|x86.ActiveCfg = MinSizeRel|x64
		{A547A87B-1359-367E-8577-97FC41CFE07B}.Release|x64.ActiveCfg = Release|x64
		{A547A87B-1359-367E-8577-97FC41CFE07B}.Release|x64.Build.0 = Release|x64
		{A547A87B-1359-367E-8577-97FC41CFE07B}.Release|x86.ActiveCfg = Release|x64
		{A547A87B-1359-367E-8577-97FC41CFE07B}.RelWithDebInfo|x64.ActiveCfg = RelWithDebInfo|x64
		{A547A87B-1359-367E-8577-97FC41CFE07B}.RelWithDebInfo|x64.Build.0 = RelWithDebInfo|x64
		{A547A87B-1359-367E-8577-97FC41CFE07B}.RelWithDebInfo|x86.ActiveCfg = RelWithDebInfo|x64
		{D174DE9C-4630-353B-A3A5-BDF2C30B039D}.Debug|x64.ActiveCfg = Debug|x64
		{D174DE9C-4630-353B-A3A5-BDF2C30B039D}.Debug|x86.ActiveCfg = Debug|x64
		{D174DE9C-4630-353B-A3A5-BDF2C30B039D}.MinSizeRel|x64.ActiveCfg = MinSizeRel|x64
		{D174DE9C-4630-353B-A3A5-BDF2C30B039D}.MinSizeRel|x64.Build.0 = MinSizeRel|x64
		{D174DE9C-4630-353B-A3A5-BDF2C30B039D}.MinSizeRel|x86.ActiveCfg = MinSizeRel|x64
		{D174DE9C-4630-353B-A3A5-BDF2C30B039D}.Release|x64.ActiveCfg = Release|x64
		{D174DE9C-4630-353B-A3A5-BDF2C30B039D}.Release|x64.Build.0 = Release|x64
		{D174DE9C-4630-353B-A3A5-BDF2C30B039D}.Release|x86.ActiveCfg = Release|x64
		{D174DE9C-4630-353B-A3A5-BDF2C30B039D}.RelWithDebInfo|x64.ActiveCfg = RelWithDebInfo|x64
		{D174DE9C-4630-353B-A3A5-BDF2C30B039D}.RelWithDebInfo|x64.Build.0 = RelWithDebInfo|x64
		{D174DE9C-4630-353B-A3A5-BDF2C30B039D}.RelWithDebInfo|x86.ActiveCfg = RelWithDebInfo|x64
		{AE22B4CD-912B-3138-990C-A4CFF3FF4990}.Debug|x64.ActiveCfg = Debug|x64
		{AE22B4CD-912B-3138-990C-A4CFF3FF4990}.Debug|x86.ActiveCfg = Debug|x64
		{AE22B4CD-912B-3138-990C-A4CFF3FF4990}.MinSizeRel|x64.ActiveCfg = MinSizeRel|x64
		{AE22B4CD-912B-3138-990C-A4CFF3FF4990}.MinSizeRel|x64.Build.0 = MinSizeRel|x64
		{AE22B4CD-912B-3138-990C-A4CFF3FF4990}.MinSizeRel|x86.ActiveCfg = MinSizeRel|x64
		{AE22B4CD-912B-3138-990C-A4CFF3FF4990}.Release|x64.ActiveCfg = Release|x64
		{AE22B4CD-912B-3138-990C-A4CFF3FF4990}.Release|x64.Build.0 = Release|x64
		{AE22B4CD-912B-3138-990C-A4CFF3FF4990}.Release|x86.ActiveCfg = Release|x64
		{AE22B4CD-912B-3138-990C-A4CFF3FF4990}.RelWithDebInfo|x64.ActiveCfg = RelWithDebInfo|x64
		{AE22B4CD-912B-3138-990C-A4CFF3FF4990}.RelWithDebInfo|x64.Build.0 = RelWithDebInfo|x64
		{AE22B4CD-912B-3138-990C-A4CFF3FF4990}.RelWithDebInfo|x86.ActiveCfg = RelWithDebInfo|x64
		{686F2EDF-DA50-30B0-AD86-7D6B0EF4227F}.Debug|x64.ActiveCfg = Debug|x64
		{686F2EDF-DA50-30B0-AD86-7D6B0EF4227F}.Debug|x86.ActiveCfg = Debug|x64
		{686F2EDF-DA50-30B0-AD86-7D6B0EF4227F}.MinSizeRel|x64.ActiveCfg = MinSizeRel|x64
		{686F2EDF-DA50-30B0-AD86-7D6B0EF4227F}.MinSizeRel|x64.Build.0 = MinSizeRel|x64
		{686F2EDF-DA50-30B0-AD86-7D6B0EF4227F}.MinSizeRel|x86.ActiveCfg = MinSizeRel|x64
		{686F2EDF-DA50-30B0-AD86-7D6B0EF4227F}.Release|x64.ActiveCfg = Release|x64
		{686F2EDF-DA50-30B0-AD86-7D6B0EF4227F}.Release|x64.Build.0 = Release|x64
		{686F2EDF-DA50-30B0-AD86-7D6B0EF4227F}.Release|x86.ActiveCfg = Release|x64
		{686F2EDF-DA50-30B0-AD86-7D6B0EF4227F}.RelWithDebInfo|x64.ActiveCfg = RelWithDebInfo|x64
		{686F2EDF-DA50-30B0-AD86-7D6B0EF4227F}.RelWithDebInfo|x64.Build.0 = RelWithDebInfo|x64
		{686F2EDF-DA50-30B0-AD86-7D6B0EF4227F}.RelWithDebInfo|x86.ActiveCfg = RelWithDebInfo|x64
		{E86D2E16-B8E7-3F8E-9B7B-CBE2D852B3D4}.Debug|x64.ActiveCfg = Debug|x64
		{E86D2E16-B8E7-3F8E-9B7B-CBE2D852B3D4}.Debug|x86.ActiveCfg = Debug|x64
		{E86D2E16-B8E7-3F8E-9B7B-CBE2D852B3D4}.MinSizeRel|x64.ActiveCfg = MinSizeRel|x64
		{E86D2E16-B8E7-3F8E-9B7B-CBE2D852B3D4}.MinSizeRel|x64.Build.0 = MinSizeRel|x64
		{E86D2E16-B8E7-3F8E-9B7B-CBE2D852B3D4}.MinSizeRel|x86.ActiveCfg = MinSizeRel|x64
		{E86D2E16-B8E7-3F8E-9B7B-CBE2D852B3D4}.Release|x64.ActiveCfg = Release|x64
		{E86D2E16-B8E7-3F8E-9B7B-CBE2D852B3D4}.Release|x64.Build.0 = Release|x64
		{E86D2E16-B8E7-3F8E-9B7B-CBE2D852B3D4}.Release|x86.ActiveCfg = Release|x64
		{E86D2E16-B8E7-3F8E-9B7B-CBE2D852B3D4}.RelWithDebInfo|x64.ActiveCfg = RelWithDebInfo|x64
		{E86D2E16-B8E7-3F8E-9B7B-CBE2D852B3D4}.RelWithDebInfo|x64.Build.0 = RelWithDebInfo|x64
		{E86D2E16-B8E7-3F8E-9B7B-CBE2D852B3D4}.RelWithDebInfo|x86.ActiveCfg = RelWithDebInfo|x64
		{B23BFC06-8466-313F-86A6-FD91C6AFD76F}.Debug|x64.ActiveCfg = Debug|x64
		{B23BFC06-8466-313F-86A6-FD91C6AFD76F}.Debug|x86.ActiveCfg = Debug|x64
		{B23BFC06-8466-313F-86A6-FD91C6AFD76F}.MinSizeRel|x64.ActiveCfg = MinSizeRel|x64
		{B23BFC06-8466-313F-86A6-FD91C6AFD76F}.MinSizeRel|x64.Build.0 = MinSizeRel|x64
		{B23BFC06-8466-313F-86A6-FD91C6AFD76F}.MinSizeRel|x86.ActiveCfg = MinSizeRel|x64
		{B23BFC06-8466-313F-86A6-FD91C6AFD76F}.Release|x64.ActiveCfg = Release|x64
		{B23BFC06-8466-313F-86A6-FD91C6AFD76F}.Release|x64.Build.0 = Release|x64
		{B23BFC06-8466-313F-86A6-FD91C6AFD76F}.Release|x86.ActiveCfg = Release|x64
		{B23BFC06-8466-313F-86A6-FD91C6AFD76F}.RelWithDebInfo|x64.ActiveCfg = RelWithDebInfo|x64
		{B23BFC06-8466-313F-86A6-FD91C6AFD76F}.RelWithDebInfo|x64.Build.0 = RelWithDebInfo|x64
		{B23BFC06-8466-313F-86A6-FD91C6AFD76F}.RelWithDebInfo|x86.ActiveCfg = RelWithDebInfo|x64
		{976ACB49-DF5B-31A3-8D18-361DB2B0CC96}.Debug|x64.ActiveCfg = Debug|x64
		{976ACB49-DF5B-31A3-8D18-361DB2B0CC96}.Debug|x86.ActiveCfg = Debug|x64
		{976ACB49-DF5B-31A3-8D18-361DB2B0CC96}.MinSizeRel|x64.ActiveCfg = MinSizeRel|x64
		{976ACB49-DF5B-31A3-8D18-361DB2B0CC96}.MinSizeRel|x64.Build.0 = MinSizeRel|x64
		{976ACB49-DF5B-31A3-8D18-361DB2B0CC96}.MinSizeRel|x86.ActiveCfg = MinSizeRel|x64
		{976ACB49-DF5B-31A3-8D18-361DB2B0CC96}.Release|x64.ActiveCfg = Release|x64
		{976ACB49-DF5B-31A3-8D18-361DB2B0CC96}.Release|x64.Build.0 = Release|x64
		{976ACB49-DF5B-31A3-8D18-361DB2B0CC96}.Release|x86.ActiveCfg = Release|x64
		{976ACB49-DF5B-31A3-8D18-361DB2B0CC96}.RelWithDebInfo|x64.ActiveCfg = RelWithDebInfo|x64
		{976ACB49-DF5B-31A3-8D18-361DB2B0CC96}.RelWithDebInfo|x64.Build.0 = RelWithDebInfo|x64
		{976ACB49-DF5B-31A3-8D18-361DB2B0CC96}.RelWithDebInfo|x86.ActiveCfg = RelWithDebInfo|x64
		{9B87E2BD-37B2-3F9F-94BD-B01B3392F846}.Debug|x64.ActiveCfg = Debug|x64
		{9B87E2BD-37B2-3F9F-94BD-B01B3392F846}.Debug|x86.ActiveCfg = Debug|x64
		{9B87E2BD-37B2-3F9F-94BD-B01B3392F846}.MinSizeRel|x64.ActiveCfg = MinSizeRel|x64
		{9B87E2BD-37B2-3F9F-94BD-B01B3392F846}.MinSizeRel|x64.Build.0 = MinSizeRel|x64
		{9B87E2BD-37B2-3F9F-94BD-B01B3392F846}.MinSizeRel|x86.ActiveCfg = MinSizeRel|x64
		{9B87E2BD-37B2-3F9F-94BD-B01B3392F846}.Release|x64.ActiveCfg = Release|x64
		{9B87E2BD-37B2-3F9F-94BD-B01B3392F846}.Release|x64.Build.0 = Release|x64
		{9B87E2BD-37B2-3F9F-94BD-B01B3392F846}.Release|x86.ActiveCfg = Release|x64
		{9B87E2BD-37B2-3F9F-94BD-B01B3392F846}.RelWithDebInfo|x64.ActiveCfg = RelWithDebInfo|x64
		{9B87E2BD-37B2-3F9F-94BD-B01B3392F846}.RelWithDebInfo|x64.Build.0 = RelWithDebInfo|x64
		{9B87E2BD-37B2-3F9F-94BD-B01B3392F846}.RelWithDebInfo|x86.ActiveCfg = RelWithDebInfo|x64
		{63230733-B026-388D-9902-BBAB17B57223}.Debug|x64.ActiveCfg = Debug|x64
		{63230733-B026-388D-9902-BBAB17B57223}.Debug|x86.ActiveCfg = Debug|x64
		{63230733-B026-388D-9902-BBAB17B57223}.MinSizeRel|x64.ActiveCfg = MinSizeRel|x64
		{63230733-B026-388D-9902-BBAB17B57223}.MinSizeRel|x64.Build.0 = MinSizeRel|x64
		{63230733-B026-388D-9902-BBAB17B57223}.MinSizeRel|x86.ActiveCfg = MinSizeRel|x64
		{63230733-B026-388D-9902-BBAB17B57223}.Release|x64.ActiveCfg = Release|x64
		{63230733-B026-388D-9902-BBAB17B57223}.Release|x64.Build.0 = Release|x64
		{63230733-B026-388D-9902-BBAB17B57223}.Release|x86.ActiveCfg = Release|x64
		{63230733-B026-388D-9902-BBAB17B57223}.RelWithDebInfo|x64.ActiveCfg = RelWithDebInfo|x64
		{63230733-B026-388D-9902-BBAB17B57223}.RelWithDebInfo|x64.Build.0 = RelWithDebInfo|x64
		{63230733-B026-388D-9902-BBAB17B57223}.RelWithDebInfo|x86.ActiveCfg = RelWithDebInfo|x64
		{73A0447A-A2DF-383A-B242-D1D41A56D125}.Debug|x64.ActiveCfg = Debug|x64
		{73A0447A-A2DF-383A-B242-D1D41A56D125}.Debug|x86.ActiveCfg = Debug|x64
		{73A0447A-A2DF-383A-B242-D1D41A56D125}.MinSizeRel|x64.ActiveCfg = MinSizeRel|x64
		{73A0447A-A2DF-383A-B242-D1D41A56D125}.MinSizeRel|x64.Build.0 = MinSizeRel|x64
		{73A0447A-A2DF-383A-B242-D1D41A56D125}.MinSizeRel|x86.ActiveCfg = MinSizeRel|x64
		{73A0447A-A2DF-383A-B242-D1D41A56D125}.Release|x64.ActiveCfg = Release|x64
		{73A0447A-A2DF-383A-B242-D1D41A56D125}.Release|x64.Build.0 = Release|x64
		{73A0447A-A2DF-383A-B242-D1D41A56D125}.Release|x86.ActiveCfg = Release|x64
		{73A0447A-A2DF-383A-B242-D1D41A56D125}.RelWithDebInfo|x64.ActiveCfg = RelWithDebInfo|x64
		{73A0447A-A2DF-383A-B242-D1D41A56D125}.RelWithDebInfo|x64.Build.0 = RelWithDebInfo|x64
		{73A0447A-A2DF-383A-B242-D1D41A56D125}.RelWithDebInfo|x86.ActiveCfg = RelWithDebInfo|x64
		{5B2F5736-9FC9-3FDD-B97D-D5757174B263}.Debug|x64.ActiveCfg = Debug|x64
		{5B2F5736-9FC9-3FDD-B97D-D5757174B263}.Debug|x86.ActiveCfg = Debug|x64
		{5B2F5736-9FC9-3FDD-B97D-D5757174B263}.MinSizeRel|x64.ActiveCfg = MinSizeRel|x64
		{5B2F5736-9FC9-3FDD-B97D-D5757174B263}.MinSizeRel|x64.Build.0 = MinSizeRel|x64
		{5B2F5736-9FC9-3FDD-B97D-D5757174B263}.MinSizeRel|x86.ActiveCfg = MinSizeRel|x64
		{5B2F5736-9FC9-3FDD-B97D-D5757174B263}.Release|x64.ActiveCfg = Release|x64
		{5B2F5736-9FC9-3FDD-B97D-D5757174B263}.Release|x64.Build.0 = Release|x64
		{5B2F5736-9FC9-3FDD-B97D-D5757174B263}.Release|x86.ActiveCfg = Release|x64
		{5B2F5736-9FC9-3FDD-B97D-D5757174B263}.RelWithDebInfo|x64.ActiveCfg = RelWithDebInfo|x64
		{5B2F5736-9FC9-3FDD-B97D-D5757174B263}.RelWithDebInfo|x64.Build.0 = RelWithDebInfo|x64
		{5B2F5736-9FC9-3FDD-B97D-D5757174B263}.RelWithDebInfo|x86.ActiveCfg = RelWithDebInfo|x64
		{DAD73A33-C85A-3666-AEA8-A7815BF4A023}.Debug|x64.ActiveCfg = Debug|x64
		{DAD73A33-C85A-3666-AEA8-A7815BF4A023}.Debug|x86.ActiveCfg = Debug|x64
		{DAD73A33-C85A-3666-AEA8-A7815BF4A023}.MinSizeRel|x64.ActiveCfg = MinSizeRel|x64
		{DAD73A33-C85A-3666-AEA8-A7815BF4A023}.MinSizeRel|x64.Build.0 = MinSizeRel|x64
		{DAD73A33-C85A-3666-AEA8-A7815BF4A023}.MinSizeRel|x86.ActiveCfg = MinSizeRel|x64
		{DAD73A33-C85A-3666-AEA8-A7815BF4A023}.Release|x64.ActiveCfg = Release|x64
		{DAD73A33-C85A-3666-AEA8-A7815BF4A023}.Release|x64.Build.0 = Release|x64
		{DAD73A33-C85A-3666-AEA8-A7815BF4A023}.Release|x86.ActiveCfg = Release|x64
		{DAD73A33-C85A-3666-AEA8-A7815BF4A023}.RelWithDebInfo|x64.ActiveCfg = RelWithDebInfo|x64
		{DAD73A33-C85A-3666-AEA8-A7815BF4A023}.RelWithDebInfo|x64.Build.0 = RelWithDebInfo|x64
		{DAD73A33-C85A-3666-AEA8-A7815BF4A023}.RelWithDebInfo|x86.ActiveCfg = RelWithDebInfo|x64
		{94619E3E-C477-3D64-A684-6905F0B5E383}.Debug|x64.ActiveCfg = Debug|x64
		{94619E3E-C477-3D64-A684-6905F0B5E383}.Debug|x86.ActiveCfg = Debug|x64
		{94619E3E-C477-3D64-A684-6905F0B5E383}.MinSizeRel|x64.ActiveCfg = MinSizeRel|x64
		{94619E3E-C477-3D64-A684-6905F0B5E383}.MinSizeRel|x64.Build.0 = MinSizeRel|x64
		{94619E3E-C477-3D64-A684-6905F0B5E383}.MinSizeRel|x86.ActiveCfg = MinSizeRel|x64
		{94619E3E-C477-3D64-A684-6905F0B5E383}.Release|x64.ActiveCfg = Release|x64
		{94619E3E-C477-3D64-A684-6905F0B5E383}.Release|x64.Build.0 = Release|x64
		{94619E3E-C477-3D64-A684-6905F0B5E383}.Release|x86.ActiveCfg = Release|x64
		{94619E3E-C477-3D64-A684-6905F0B5E383}.RelWithDebInfo|x64.ActiveCfg = RelWithDebInfo|x64
		{94619E3E-C477-3D64-A684-6905F0B5E383}.RelWithDebInfo|x64.Build.0 = RelWithDebInfo|x64
		{94619E3E-C477-3D64-A684-6905F0B5E383}.RelWithDebInfo|x86.ActiveCfg = RelWithDebInfo|x64
		{294E8323-C57C-3EE1-B804-F83F343567BD}.Debug|x64.ActiveCfg = Debug|x64
		{294E8323-C57C-3EE1-B804-F83F343567BD}.Debug|x86.ActiveCfg = Debug|x64
		{294E8323-C57C-3EE1-B804-F83F343567BD}.MinSizeRel|x64.ActiveCfg = MinSizeRel|x64
		{294E8323-C57C-3EE1-B804-F83F343567BD}.MinSizeRel|x64.Build.0 = MinSizeRel|x64
		{294E8323-C57C-3EE1-B804-F83F343567BD}.MinSizeRel|x86.ActiveCfg = MinSizeRel|x64
		{294E8323-C57C-3EE1-B804-F83F343567BD}.Release|x64.ActiveCfg = Release|x64
		{294E8323-C57C-3EE1-B804-F83F343567BD}.Release|x64.Build.0 = Release|x64
		{294E8323-C57C-3EE1-B804-F83F343567BD}.Release|x86.ActiveCfg = Release|x64
		{294E8323-C57C-3EE1-B804-F83F343567BD}.RelWithDebInfo|x64.ActiveCfg = RelWithDebInfo|x64
		{294E8323-C57C-3EE1-B804-F83F343567BD}.RelWithDebInfo|x64.Build.0 = RelWithDebInfo|x64
		{294E8323-C57C-3EE1-B804-F83F343567BD}.RelWithDebInfo|x86.ActiveCfg = RelWithDebInfo|x64
		{FED3049B-8A84-33D9-8654-AF3FAC925336}.Debug|x64.ActiveCfg = Debug|x64
		{FED3049B-8A84-33D9-8654-AF3FAC925336}.Debug|x86.ActiveCfg = Debug|x64
		{FED3049B-8A84-33D9-8654-AF3FAC925336}.MinSizeRel|x64.ActiveCfg = MinSizeRel|x64
		{FED3049B-8A84-33D9-8654-AF3FAC925336}.MinSizeRel|x64.Build.0 = MinSizeRel|x64
		{FED3049B-8A84-33D9-8654-AF3FAC925336}.MinSizeRel|x86.ActiveCfg = MinSizeRel|x64
		{FED3049B-8A84-33D9-8654-AF3FAC925336}.Release|x64.ActiveCfg = Release|x64
		{FED3049B-8A84-33D9-8654-AF3FAC925336}.Release|x64.Build.0 = Release|x64
		{FED3049B-8A84-33D9-8654-AF3FAC925336}.Release|x86.ActiveCfg = Release|x64
		{FED3049B-8A84-33D9-8654-AF3FAC925336}.RelWithDebInfo|x64.ActiveCfg = RelWithDebInfo|x64
		{FED3049B-8A84-33D9-8654-AF3FAC925336}.RelWithDebInfo|x64.Build.0 = RelWithDebInfo|x64
		{FED3049B-8A84-33D9-8654-AF3FAC925336}.RelWithDebInfo|x86.ActiveCfg = RelWithDebInfo|x64
		{81225135-C2D0-3732-8A08-93EB3EE73E13}.Debug|x64.ActiveCfg = Debug|x64
		{81225135-C2D0-3732-8A08-93EB3EE73E13}.Debug|x86.ActiveCfg = Debug|x64
		{81225135-C2D0-3732-8A08-93EB3EE73E13}.MinSizeRel|x64.ActiveCfg = MinSizeRel|x64
		{81225135-C2D0-3732-8A08-93EB3EE73E13}.MinSizeRel|x64.Build.0 = MinSizeRel|x64
		{81225135-C2D0-3732-8A08-93EB3EE73E13}.MinSizeRel|x86.ActiveCfg = MinSizeRel|x64
		{81225135-C2D0-3732-8A08-93EB3EE73E13}.Release|x64.ActiveCfg = Release|x64
		{81225135-C2D0-3732-8A08-93EB3EE73E13}.Release|x64.Build.0 = Release|x64
		{81225135-C2D0-3732-8A08-93EB3EE73E13}.Release|x86.ActiveCfg = Release|x64
		{81225135-C2D0-3732-8A08-93EB3EE73E13}.RelWithDebInfo|x64.ActiveCfg = RelWithDebInfo|x64
		{81225135-C2D0-3732-8A08-93EB3EE73E13}.RelWithDebInfo|x64.Build.0 = RelWithDebInfo|x64
		{81225135-C2D0-3732-8A08-93EB3EE73E13}.RelWithDebInfo|x86.ActiveCfg = RelWithDebInfo|x64
		{98550359-8924-3F46-A36A-3E1591D3918B}.Debug|x64.ActiveCfg = Debug|x64
		{98550359-8924-3F46-A36A-3E1591D3918B}.Debug|x86.ActiveCfg = Debug|x64
		{98550359-8924-3F46-A36A-3E1591D3918B}.MinSizeRel|x64.ActiveCfg = MinSizeRel|x64
		{98550359-8924-3F46-A36A-3E1591D3918B}.MinSizeRel|x64.Build.0 = MinSizeRel|x64
		{98550359-8924-3F46-A36A-3E1591D3918B}.MinSizeRel|x86.ActiveCfg = MinSizeRel|x64
		{98550359-8924-3F46-A36A-3E1591D3918B}.Release|x64.ActiveCfg = Release|x64
		{98550359-8924-3F46-A36A-3E1591D3918B}.Release|x64.Build.0 = Release|x64
		{98550359-8924-3F46-A36A-3E1591D3918B}.Release|x86.ActiveCfg = Release|x64
		{98550359-8924-3F46-A36A-3E1591D3918B}.RelWithDebInfo|x64.ActiveCfg = RelWithDebInfo|x64
		{98550359-8924-3F46-A36A-3E1591D3918B}.RelWithDebInfo|x64.Build.0 = RelWithDebInfo|x64
		{98550359-8924-3F46-A36A-3E1591D3918B}.RelWithDebInfo|x86.ActiveCfg = RelWithDebInfo|x64
		{35BA44D1-0529-3798-9243-C027C9C2EFE3}.Debug|x64.ActiveCfg = Debug|x64
		{35BA44D1-0529-3798-9243-C027C9C2EFE3}.Debug|x86.ActiveCfg = Debug|x64
		{35BA44D1-0529-3798-9243-C027C9C2EFE3}.MinSizeRel|x64.ActiveCfg = MinSizeRel|x64
		{35BA44D1-0529-3798-9243-C027C9C2EFE3}.MinSizeRel|x64.Build.0 = MinSizeRel|x64
		{35BA44D1-0529-3798-9243-C027C9C2EFE3}.MinSizeRel|x86.ActiveCfg = MinSizeRel|x64
		{35BA44D1-0529-3798-9243-C027C9C2EFE3}.Release|x64.ActiveCfg = Release|x64
		{35BA44D1-0529-3798-9243-C027C9C2EFE3}.Release|x64.Build.0 = Release|x64
		{35BA44D1-0529-3798-9243-C027C9C2EFE3}.Release|x86.ActiveCfg = Release|x64
		{35BA44D1-0529-3798-9243-C027C9C2EFE3}.RelWithDebInfo|x64.ActiveCfg = RelWithDebInfo|x64
		{35BA44D1-0529-3798-9243-C027C9C2EFE3}.RelWithDebInfo|x64.Build.0 = RelWithDebInfo|x64
		{35BA44D1-0529-3798-9243-C027C9C2EFE3}.RelWithDebInfo|x86.ActiveCfg = RelWithDebInfo|x64
		{921AE4C5-6700-3248-A0B9-485FBA9A6D86}.Debug|x64.ActiveCfg = Debug|x64
		{921AE4C5-6700-3248-A0B9-485FBA9A6D86}.Debug|x86.ActiveCfg = Debug|x64
		{921AE4C5-6700-3248-A0B9-485FBA9A6D86}.MinSizeRel|x64.ActiveCfg = MinSizeRel|x64
		{921AE4C5-6700-3248-A0B9-485FBA9A6D86}.MinSizeRel|x64.Build.0 = MinSizeRel|x64
		{921AE4C5-6700-3248-A0B9-485FBA9A6D86}.MinSizeRel|x86.ActiveCfg = MinSizeRel|x64
		{921AE4C5-6700-3248-A0B9-485FBA9A6D86}.Release|x64.ActiveCfg = Release|x64
		{921AE4C5-6700-3248-A0B9-485FBA9A6D86}.Release|x64.Build.0 = Release|x64
		{921AE4C5-6700-3248-A0B9-485FBA9A6D86}.Release|x86.ActiveCfg = Release|x64
		{921AE4C5-6700-3248-A0B9-485FBA9A6D86}.RelWithDebInfo|x64.ActiveCfg = RelWithDebInfo|x64
		{921AE4C5-6700-3248-A0B9-485FBA9A6D86}.RelWithDebInfo|x64.Build.0 = RelWithDebInfo|x64
		{921AE4C5-6700-3248-A0B9-485FBA9A6D86}.RelWithDebInfo|x86.ActiveCfg = RelWithDebInfo|x64
		{17280695-5A9D-304F-99AC-9AD70B2CA6B6}.Debug|x64.ActiveCfg = Debug|x64
		{17280695-5A9D-304F-99AC-9AD70B2CA6B6}.Debug|x86.ActiveCfg = Debug|x64
		{17280695-5A9D-304F-99AC-9AD70B2CA6B6}.MinSizeRel|x64.ActiveCfg = MinSizeRel|x64
		{17280695-5A9D-304F-99AC-9AD70B2CA6B6}.MinSizeRel|x64.Build.0 = MinSizeRel|x64
		{17280695-5A9D-304F-99AC-9AD70B2CA6B6}.MinSizeRel|x86.ActiveCfg = MinSizeRel|x64
		{17280695-5A9D-304F-99AC-9AD70B2CA6B6}.Release|x64.ActiveCfg = Release|x64
		{17280695-5A9D-304F-99AC-9AD70B2CA6B6}.Release|x64.Build.0 = Release|x64
		{17280695-5A9D-304F-99AC-9AD70B2CA6B6}.Release|x86.ActiveCfg = Release|x64
		{17280695-5A9D-304F-99AC-9AD70B2CA6B6}.RelWithDebInfo|x64.ActiveCfg = RelWithDebInfo|x64
		{17280695-5A9D-304F-99AC-9AD70B2CA6B6}.RelWithDebInfo|x64.Build.0 = RelWithDebInfo|x64
		{17280695-5A9D-304F-99AC-9AD70B2CA6B6}.RelWithDebInfo|x86.ActiveCfg = RelWithDebInfo|x64
		{E27E6AF6-BF90-38CB-AA37-B4B1D684B9F1}.Debug|x64.ActiveCfg = Debug|x64
		{E27E6AF6-BF90-38CB-AA37-B4B1D684B9F1}.Debug|x86.ActiveCfg = Debug|x64
		{E27E6AF6-BF90-38CB-AA37-B4B1D684B9F1}.MinSizeRel|x64.ActiveCfg = MinSizeRel|x64
		{E27E6AF6-BF90-38CB-AA37-B4B1D684B9F1}.MinSizeRel|x64.Build.0 = MinSizeRel|x64
		{E27E6AF6-BF90-38CB-AA37-B4B1D684B9F1}.MinSizeRel|x86.ActiveCfg = MinSizeRel|x64
		{E27E6AF6-BF90-38CB-AA37-B4B1D684B9F1}.Release|x64.ActiveCfg = Release|x64
		{E27E6AF6-BF90-38CB-AA37-B4B1D684B9F1}.Release|x64.Build.0 = Release|x64
		{E27E6AF6-BF90-38CB-AA37-B4B1D684B9F1}.Release|x86.ActiveCfg = Release|x64
		{E27E6AF6-BF90-38CB-AA37-B4B1D684B9F1}.RelWithDebInfo|x64.ActiveCfg = RelWithDebInfo|x64
		{E27E6AF6-BF90-38CB-AA37-B4B1D684B9F1}.RelWithDebInfo|x64.Build.0 = RelWithDebInfo|x64
		{E27E6AF6-BF90-38CB-AA37-B4B1D684B9F1}.RelWithDebInfo|x86.ActiveCfg = RelWithDebInfo|x64
		{0E1C2B1E-D860-375D-AA96-51254194D160}.Debug|x64.ActiveCfg = Debug|x64
		{0E1C2B1E-D860-375D-AA96-51254194D160}.Debug|x86.ActiveCfg = Debug|x64
		{0E1C2B1E-D860-375D-AA96-51254194D160}.MinSizeRel|x64.ActiveCfg = MinSizeRel|x64
		{0E1C2B1E-D860-375D-AA96-51254194D160}.MinSizeRel|x64.Build.0 = MinSizeRel|x64
		{0E1C2B1E-D860-375D-AA96-51254194D160}.MinSizeRel|x86.ActiveCfg = MinSizeRel|x64
		{0E1C2B1E-D860-375D-AA96-51254194D160}.Release|x64.ActiveCfg = Release|x64
		{0E1C2B1E-D860-375D-AA96-51254194D160}.Release|x64.Build.0 = Release|x64
		{0E1C2B1E-D860-375D-AA96-51254194D160}.Release|x86.ActiveCfg = Release|x64
		{0E1C2B1E-D860-375D-AA96-51254194D160}.RelWithDebInfo|x64.ActiveCfg = RelWithDebInfo|x64
		{0E1C2B1E-D860-375D-AA96-51254194D160}.RelWithDebInfo|x64.Build.0 = RelWithDebInfo|x64
		{0E1C2B1E-D860-375D-AA96-51254194D160}.RelWithDebInfo|x86.ActiveCfg = RelWithDebInfo|x64
		{11BF7C79-1875-3314-8C3A-8ADEB662DCDE}.Debug|x64.ActiveCfg = Debug|x64
		{11BF7C79-1875-3314-8C3A-8ADEB662DCDE}.Debug|x86.ActiveCfg = Debug|x64
		{11BF7C79-1875-3314-8C3A-8ADEB662DCDE}.MinSizeRel|x64.ActiveCfg = MinSizeRel|x64
		{11BF7C79-1875-3314-8C3A-8ADEB662DCDE}.MinSizeRel|x64.Build.0 = MinSizeRel|x64
		{11BF7C79-1875-3314-8C3A-8ADEB662DCDE}.MinSizeRel|x86.ActiveCfg = MinSizeRel|x64
		{11BF7C79-1875-3314-8C3A-8ADEB662DCDE}.Release|x64.ActiveCfg = Release|x64
		{11BF7C79-1875-3314-8C3A-8ADEB662DCDE}.Release|x64.Build.0 = Release|x64
		{11BF7C79-1875-3314-8C3A-8ADEB662DCDE}.Release|x86.ActiveCfg = Release|x64
		{11BF7C79-1875-3314-8C3A-8ADEB662DCDE}.RelWithDebInfo|x64.ActiveCfg = RelWithDebInfo|x64
		{11BF7C79-1875-3314-8C3A-8ADEB662DCDE}.RelWithDebInfo|x64.Build.0 = RelWithDebInfo|x64
		{11BF7C79-1875-3314-8C3A-8ADEB662DCDE}.RelWithDebInfo|x86.ActiveCfg = RelWithDebInfo|x64
		{55996655-F2D7-3F9A-A3FA-39E6E737389A}.Debug|x64.ActiveCfg = Debug|x64
		{55996655-F2D7-3F9A-A3FA-39E6E737389A}.Debug|x86.ActiveCfg = Debug|x64
		{55996655-F2D7-3F9A-A3FA-39E6E737389A}.MinSizeRel|x64.ActiveCfg = MinSizeRel|x64
		{55996655-F2D7-3F9A-A3FA-39E6E737389A}.MinSizeRel|x64.Build.0 = MinSizeRel|x64
		{55996655-F2D7-3F9A-A3FA-39E6E737389A}.MinSizeRel|x86.ActiveCfg = MinSizeRel|x64
		{55996655-F2D7-3F9A-A3FA-39E6E737389A}.Release|x64.ActiveCfg = Release|x64
		{55996655-F2D7-3F9A-A3FA-39E6E737389A}.Release|x64.Build.0 = Release|x64
		{55996655-F2D7-3F9A-A3FA-39E6E737389A}.Release|x86.ActiveCfg = Release|x64
		{55996655-F2D7-3F9A-A3FA-39E6E737389A}.RelWithDebInfo|x64.ActiveCfg = RelWithDebInfo|x64
		{55996655-F2D7-3F9A-A3FA-39E6E737389A}.RelWithDebInfo|x64.Build.0 = RelWithDebInfo|x64
		{55996655-F2D7-3F9A-A3FA-39E6E737389A}.RelWithDebInfo|x86.ActiveCfg = RelWithDebInfo|x64
	EndGlobalSection
	GlobalSection(SolutionProperties) = preSolution
		HideSolutionNode = FALSE
	EndGlobalSection
	GlobalSection(ExtensibilityGlobals) = postSolution
		SolutionGuid = {83C45082-7B64-4FEF-A84D-986E6B1248B7}
	EndGlobalSection
EndGlobal
