
Microsoft Visual Studio Solution File, Format Version 12.00
# Visual Studio Version 16
VisualStudioVersion = 16.0.31105.61
MinimumVisualStudioVersion = 10.0.40219.1
Project("{8BC9CEB8-8B4A-11D0-8D11-00A0C91BC942}") = "src", "src\src.vcxproj", "{6175BCCC-720B-4F75-96C9-29E4E14559FF}"
EndProject
Project("{8BC9CEB8-8B4A-11D0-8D11-00A0C91BC942}") = "tests", "tests\tests.vcxproj", "{57F1C809-AACF-4925-BF46-111490E4D20E}"
EndProject
Project("{8BC9CEB8-8B4A-11D0-8D11-00A0C91BC942}") = "LLVMCore", "..\..\llvm\build\lib\IR\LLVMCore.vcxproj", "{84F11254-7A51-3742-A7BC-E203BCC95102}"
EndProject
Project("{8BC9CEB8-8B4A-11D0-8D11-00A0C91BC942}") = "LLVMInstCombine", "..\..\llvm\build\lib\Transforms\InstCombine\LLVMInstCombine.vcxproj", "{A66D554B-59AE-3E77-BAF5-0149D52FB6B9}"
EndProject
Project("{8BC9CEB8-8B4A-11D0-8D11-00A0C91BC942}") = "LLVMPasses", "..\..\llvm\build\lib\Passes\LLVMPasses.vcxproj", "{622B0297-3535-3B87-84A3-8AE6EF9D0B74}"
EndProject
Project("{8BC9CEB8-8B4A-11D0-8D11-00A0C91BC942}") = "LLVMipo", "..\..\llvm\build\lib\Transforms\IPO\LLVMipo.vcxproj", "{853CF0A2-76DF-3AC6-A465-B98964C30F09}"
EndProject
Global
	GlobalSection(SolutionConfigurationPlatforms) = preSolution
		Debug|x64 = Debug|x64
		Debug|x86 = Debug|x86
		MinSizeRel|x64 = MinSizeRel|x64
		MinSizeRel|x86 = MinSizeRel|x86
		Release|x64 = Release|x64
		Release|x86 = Release|x86
		RelWithDebInfo|x64 = RelWithDebInfo|x64
		RelWithDebInfo|x86 = RelWithDebInfo|x86
	EndGlobalSection
	GlobalSection(ProjectConfigurationPlatforms) = postSolution
		{6175BCCC-720B-4F75-96C9-29E4E14559FF}.Debug|x64.ActiveCfg = Debug|x64
		{6175BCCC-720B-4F75-96C9-29E4E14559FF}.Debug|x64.Build.0 = Debug|x64
		{6175BCCC-720B-4F75-96C9-29E4E14559FF}.Debug|x86.ActiveCfg = Debug|Win32
		{6175BCCC-720B-4F75-96C9-29E4E14559FF}.Debug|x86.Build.0 = Debug|Win32
		{6175BCCC-720B-4F75-96C9-29E4E14559FF}.MinSizeRel|x64.ActiveCfg = Release|x64
		{6175BCCC-720B-4F75-96C9-29E4E14559FF}.MinSizeRel|x64.Build.0 = Release|x64
		{6175BCCC-720B-4F75-96C9-29E4E14559FF}.MinSizeRel|x86.ActiveCfg = Release|Win32
		{6175BCCC-720B-4F75-96C9-29E4E14559FF}.MinSizeRel|x86.Build.0 = Release|Win32
		{6175BCCC-720B-4F75-96C9-29E4E14559FF}.Release|x64.ActiveCfg = Release|x64
		{6175BCCC-720B-4F75-96C9-29E4E14559FF}.Release|x64.Build.0 = Release|x64
		{6175BCCC-720B-4F75-96C9-29E4E14559FF}.Release|x86.ActiveCfg = Release|Win32
		{6175BCCC-720B-4F75-96C9-29E4E14559FF}.Release|x86.Build.0 = Release|Win32
		{6175BCCC-720B-4F75-96C9-29E4E14559FF}.RelWithDebInfo|x64.ActiveCfg = Release|x64
		{6175BCCC-720B-4F75-96C9-29E4E14559FF}.RelWithDebInfo|x64.Build.0 = Release|x64
		{6175BCCC-720B-4F75-96C9-29E4E14559FF}.RelWithDebInfo|x86.ActiveCfg = Release|Win32
		{6175BCCC-720B-4F75-96C9-29E4E14559FF}.RelWithDebInfo|x86.Build.0 = Release|Win32
		{57F1C809-AACF-4925-BF46-111490E4D20E}.Debug|x64.ActiveCfg = Debug|x64
		{57F1C809-AACF-4925-BF46-111490E4D20E}.Debug|x64.Build.0 = Debug|x64
		{57F1C809-AACF-4925-BF46-111490E4D20E}.Debug|x86.ActiveCfg = Debug|Win32
		{57F1C809-AACF-4925-BF46-111490E4D20E}.Debug|x86.Build.0 = Debug|Win32
		{57F1C809-AACF-4925-BF46-111490E4D20E}.MinSizeRel|x64.ActiveCfg = Release|x64
		{57F1C809-AACF-4925-BF46-111490E4D20E}.MinSizeRel|x64.Build.0 = Release|x64
		{57F1C809-AACF-4925-BF46-111490E4D20E}.MinSizeRel|x86.ActiveCfg = Release|Win32
		{57F1C809-AACF-4925-BF46-111490E4D20E}.MinSizeRel|x86.Build.0 = Release|Win32
		{57F1C809-AACF-4925-BF46-111490E4D20E}.Release|x64.ActiveCfg = Release|x64
		{57F1C809-AACF-4925-BF46-111490E4D20E}.Release|x64.Build.0 = Release|x64
		{57F1C809-AACF-4925-BF46-111490E4D20E}.Release|x86.ActiveCfg = Release|Win32
		{57F1C809-AACF-4925-BF46-111490E4D20E}.Release|x86.Build.0 = Release|Win32
		{57F1C809-AACF-4925-BF46-111490E4D20E}.RelWithDebInfo|x64.ActiveCfg = Release|x64
		{57F1C809-AACF-4925-BF46-111490E4D20E}.RelWithDebInfo|x64.Build.0 = Release|x64
		{57F1C809-AACF-4925-BF46-111490E4D20E}.RelWithDebInfo|x86.ActiveCfg = Release|Win32
		{57F1C809-AACF-4925-BF46-111490E4D20E}.RelWithDebInfo|x86.Build.0 = Release|Win32
		{84F11254-7A51-3742-A7BC-E203BCC95102}.Debug|x64.ActiveCfg = Debug|x64
		{84F11254-7A51-3742-A7BC-E203BCC95102}.Debug|x64.Build.0 = Debug|x64
		{84F11254-7A51-3742-A7BC-E203BCC95102}.Debug|x86.ActiveCfg = Debug|x64
		{84F11254-7A51-3742-A7BC-E203BCC95102}.MinSizeRel|x64.ActiveCfg = MinSizeRel|x64
		{84F11254-7A51-3742-A7BC-E203BCC95102}.MinSizeRel|x64.Build.0 = MinSizeRel|x64
		{84F11254-7A51-3742-A7BC-E203BCC95102}.MinSizeRel|x86.ActiveCfg = MinSizeRel|x64
		{84F11254-7A51-3742-A7BC-E203BCC95102}.Release|x64.ActiveCfg = Release|x64
		{84F11254-7A51-3742-A7BC-E203BCC95102}.Release|x64.Build.0 = Release|x64
		{84F11254-7A51-3742-A7BC-E203BCC95102}.Release|x86.ActiveCfg = Release|x64
		{84F11254-7A51-3742-A7BC-E203BCC95102}.RelWithDebInfo|x64.ActiveCfg = RelWithDebInfo|x64
		{84F11254-7A51-3742-A7BC-E203BCC95102}.RelWithDebInfo|x64.Build.0 = RelWithDebInfo|x64
		{84F11254-7A51-3742-A7BC-E203BCC95102}.RelWithDebInfo|x86.ActiveCfg = RelWithDebInfo|x64
		{A66D554B-59AE-3E77-BAF5-0149D52FB6B9}.Debug|x64.ActiveCfg = Debug|x64
		{A66D554B-59AE-3E77-BAF5-0149D52FB6B9}.Debug|x64.Build.0 = Debug|x64
		{A66D554B-59AE-3E77-BAF5-0149D52FB6B9}.Debug|x86.ActiveCfg = Debug|x64
		{A66D554B-59AE-3E77-BAF5-0149D52FB6B9}.MinSizeRel|x64.ActiveCfg = MinSizeRel|x64
		{A66D554B-59AE-3E77-BAF5-0149D52FB6B9}.MinSizeRel|x64.Build.0 = MinSizeRel|x64
		{A66D554B-59AE-3E77-BAF5-0149D52FB6B9}.MinSizeRel|x86.ActiveCfg = MinSizeRel|x64
		{A66D554B-59AE-3E77-BAF5-0149D52FB6B9}.Release|x64.ActiveCfg = Release|x64
		{A66D554B-59AE-3E77-BAF5-0149D52FB6B9}.Release|x64.Build.0 = Release|x64
		{A66D554B-59AE-3E77-BAF5-0149D52FB6B9}.Release|x86.ActiveCfg = Release|x64
		{A66D554B-59AE-3E77-BAF5-0149D52FB6B9}.RelWithDebInfo|x64.ActiveCfg = RelWithDebInfo|x64
		{A66D554B-59AE-3E77-BAF5-0149D52FB6B9}.RelWithDebInfo|x64.Build.0 = RelWithDebInfo|x64
		{A66D554B-59AE-3E77-BAF5-0149D52FB6B9}.RelWithDebInfo|x86.ActiveCfg = RelWithDebInfo|x64
		{622B0297-3535-3B87-84A3-8AE6EF9D0B74}.Debug|x64.ActiveCfg = Debug|x64
		{622B0297-3535-3B87-84A3-8AE6EF9D0B74}.Debug|x64.Build.0 = Debug|x64
		{622B0297-3535-3B87-84A3-8AE6EF9D0B74}.Debug|x86.ActiveCfg = Debug|x64
		{622B0297-3535-3B87-84A3-8AE6EF9D0B74}.MinSizeRel|x64.ActiveCfg = MinSizeRel|x64
		{622B0297-3535-3B87-84A3-8AE6EF9D0B74}.MinSizeRel|x64.Build.0 = MinSizeRel|x64
		{622B0297-3535-3B87-84A3-8AE6EF9D0B74}.MinSizeRel|x86.ActiveCfg = MinSizeRel|x64
		{622B0297-3535-3B87-84A3-8AE6EF9D0B74}.Release|x64.ActiveCfg = Release|x64
		{622B0297-3535-3B87-84A3-8AE6EF9D0B74}.Release|x64.Build.0 = Release|x64
		{622B0297-3535-3B87-84A3-8AE6EF9D0B74}.Release|x86.ActiveCfg = Release|x64
		{622B0297-3535-3B87-84A3-8AE6EF9D0B74}.RelWithDebInfo|x64.ActiveCfg = RelWithDebInfo|x64
		{622B0297-3535-3B87-84A3-8AE6EF9D0B74}.RelWithDebInfo|x64.Build.0 = RelWithDebInfo|x64
		{622B0297-3535-3B87-84A3-8AE6EF9D0B74}.RelWithDebInfo|x86.ActiveCfg = RelWithDebInfo|x64
		{853CF0A2-76DF-3AC6-A465-B98964C30F09}.Debug|x64.ActiveCfg = Debug|x64
		{853CF0A2-76DF-3AC6-A465-B98964C30F09}.Debug|x64.Build.0 = Debug|x64
		{853CF0A2-76DF-3AC6-A465-B98964C30F09}.Debug|x86.ActiveCfg = Debug|x64
		{853CF0A2-76DF-3AC6-A465-B98964C30F09}.MinSizeRel|x64.ActiveCfg = MinSizeRel|x64
		{853CF0A2-76DF-3AC6-A465-B98964C30F09}.MinSizeRel|x64.Build.0 = MinSizeRel|x64
		{853CF0A2-76DF-3AC6-A465-B98964C30F09}.MinSizeRel|x86.ActiveCfg = MinSizeRel|x64
		{853CF0A2-76DF-3AC6-A465-B98964C30F09}.Release|x64.ActiveCfg = Release|x64
		{853CF0A2-76DF-3AC6-A465-B98964C30F09}.Release|x64.Build.0 = Release|x64
		{853CF0A2-76DF-3AC6-A465-B98964C30F09}.Release|x86.ActiveCfg = Release|x64
		{853CF0A2-76DF-3AC6-A465-B98964C30F09}.RelWithDebInfo|x64.ActiveCfg = RelWithDebInfo|x64
		{853CF0A2-76DF-3AC6-A465-B98964C30F09}.RelWithDebInfo|x64.Build.0 = RelWithDebInfo|x64
		{853CF0A2-76DF-3AC6-A465-B98964C30F09}.RelWithDebInfo|x86.ActiveCfg = RelWithDebInfo|x64
	EndGlobalSection
	GlobalSection(SolutionProperties) = preSolution
		HideSolutionNode = FALSE
	EndGlobalSection
	GlobalSection(ExtensibilityGlobals) = postSolution
		SolutionGuid = {83C45082-7B64-4FEF-A84D-986E6B1248B7}
	EndGlobalSection
EndGlobal
